
Microsoft Visual Studio Solution File, Format Version 12.00
# Visual Studio Version 17
VisualStudioVersion = 17.14.37216.2 d17.14
MinimumVisualStudioVersion = 10.0.40219.1
Project("{8BC9CEB8-8B4A-11D0-8D11-00A0C91BC942}") = "liteweb-cpp", "liteweb-cpp.vcxproj", "{EBEB5CD1-21B4-4CB1-85E2-490A5C2F00F9}"
EndProject
Global
	GlobalSection(SolutionConfigurationPlatforms) = preSolution
		Debug|x64 = Debug|x64
		Debug|x86 = Debug|x86
		Release|x64 = Release|x64
		Release|x86 = Release|x86
	EndGlobalSection
	GlobalSection(ProjectConfigurationPlatforms) = postSolution
		{EBEB5CD1-21B4-4CB1-85E2-490A5C2F00F9}.Debug|x64.ActiveCfg = Debug|x64
		{EBEB5CD1-21B4-4CB1-85E2-490A5C2F00F9}.Debug|x64.Build.0 = Debug|x64
		{EBEB5CD1-21B4-4CB1-85E2-490A5C2F00F9}.Debug|x86.ActiveCfg = Debug|Win32
		{EBEB5CD1-21B4-4CB1-85E2-490A5C2F00F9}.Debug|x86.Build.0 = Debug|Win32
		{EBEB5CD1-21B4-4CB1-85E2-490A5C2F00F9}.Release|x64.ActiveCfg = Release|x64
		{EBEB5CD1-21B4-4CB1-85E2-490A5C2F00F9}.Release|x64.Build.0 = Release|x64
		{EBEB5CD1-21B4-4CB1-85E2-490A5C2F00F9}.Release|x86.ActiveCfg = Release|Win32
		{EBEB5CD1-21B4-4CB1-85E2-490A5C2F00F9}.Release|x86.Build.0 = Release|Win32
	EndGlobalSection
	GlobalSection(SolutionProperties) = preSolution
		HideSolutionNode = FALSE
	EndGlobalSection
	GlobalSection(ExtensibilityGlobals) = postSolution
		SolutionGuid = {63D10643-582B-49C1-9732-D1151A2BA34D}
	EndGlobalSection
EndGlobal
